PODS:
  - TopStepSDK/core (0.1.0)
  - TopStepSDK/fitcloud (0.1.0):
    - TopStepSDK/core
  - TopStepSDK/flywear (0.1.0):
    - TopStepSDK/core
  - TopStepSDK/fw (0.1.0):
    - TopStepSDK/flywear
  - TopStepSDK/proxy (0.1.0):
    - TopStepSDK/core
  - TopStepSDK/sj (0.1.0):
    - TopStepSDK/core

DEPENDENCIES:
  - TopStepSDK/core (from `../`)
  - TopStepSDK/fitcloud (from `../`)
  - TopStepSDK/fw (from `../`)
  - TopStepSDK/proxy (from `../`)
  - TopStepSDK/sj (from `../`)

EXTERNAL SOURCES:
  TopStepSDK:
    :path: "../"

SPEC CHECKSUMS:
  TopStepSDK: d3e87809e8ef09cae17984fcc21a0723ae316cc8

PODFILE CHECKSUM: 88bddf231ce114e5a27e7dcbc463bd4740a5a23a

COCOAPODS: 1.15.2
